PODS:
  - Flutter (1.0.0)
  - native_device_orientation (0.0.1):
    - Flutter
  - "permission_handler (5.0.1+1)":
    - Flutter
  - twilio_programmable_video (0.6.3):
    - Flutter
    - TwilioVideo (~> 3.7)
  - TwilioVideo (3.7.2)
  - wakelock (0.0.1):
    - Flutter

DEPENDENCIES:
  - Flutter (from `Flutter`)
  - native_device_orientation (from `.symlinks/plugins/native_device_orientation/ios`)
  - permission_handler (from `.symlinks/plugins/permission_handler/ios`)
  - twilio_programmable_video (from `.symlinks/plugins/twilio_programmable_video/ios`)
  - wakelock (from `.symlinks/plugins/wakelock/ios`)

SPEC REPOS:
  trunk:
    - TwilioVideo

EXTERNAL SOURCES:
  Flutter:
    :path: Flutter
  native_device_orientation:
    :path: ".symlinks/plugins/native_device_orientation/ios"
  permission_handler:
    :path: ".symlinks/plugins/permission_handler/ios"
  twilio_programmable_video:
    :path: ".symlinks/plugins/twilio_programmable_video/ios"
  wakelock:
    :path: ".symlinks/plugins/wakelock/ios"

SPEC CHECKSUMS:
  Flutter: 0e3d915762c693b495b44d77113d4970485de6ec
  native_device_orientation: e24d00be281de72996640885d80e706142707660
  permission_handler: eac8e15b4a1a3fba55b761d19f3f4e6b005d15b6
  twilio_programmable_video: d2e4b2b2f663fd4f684db851a03bd94942cf70f7
  TwilioVideo: 5257640fab00d1b9f44db060815b03516a9eb0e8
  wakelock: 0d4a70faf8950410735e3f61fb15d517c8a6efc4

PODFILE CHECKSUM: aafe91acc616949ddb318b77800a7f51bffa2a4c

COCOAPODS: 1.10.0
